
Microsoft Visual Studio Solution File, Format Version 12.00
# Visual Studio 2017
Project("{FAE04EC0-301F-11D3-BF4B-00C04F79EFBC}") = "AR cyclops sim", "AR cyclops sim.csproj", "{9E8EDD7E-0703-A44F-42A6-7FC6397EA294}"
EndProject
Project("{FAE04EC0-301F-11D3-BF4B-00C04F79EFBC}") = "AR cyclops sim.Editor", "AR cyclops sim.Editor.csproj", "{AF7BD068-1FDD-4D68-460C-F737675C124C}"
EndProject
Global
	GlobalSection(SolutionConfigurationPlatforms) = preSolution
		Debug|Any CPU = Debug|Any CPU
		Release|Any CPU = Release|Any CPU
	EndGlobalSection
	GlobalSection(ProjectConfigurationPlatforms) = postSolution
		{9E8EDD7E-0703-A44F-42A6-7FC6397EA294}.Debug|Any CPU.ActiveCfg = Debug|Any CPU
		{9E8EDD7E-0703-A44F-42A6-7FC6397EA294}.Debug|Any CPU.Build.0 = Debug|Any CPU
		{9E8EDD7E-0703-A44F-42A6-7FC6397EA294}.Release|Any CPU.ActiveCfg = Release|Any CPU
		{9E8EDD7E-0703-A44F-42A6-7FC6397EA294}.Release|Any CPU.Build.0 = Release|Any CPU
		{AF7BD068-1FDD-4D68-460C-F737675C124C}.Debug|Any CPU.ActiveCfg = Debug|Any CPU
		{AF7BD068-1FDD-4D68-460C-F737675C124C}.Debug|Any CPU.Build.0 = Debug|Any CPU
		{AF7BD068-1FDD-4D68-460C-F737675C124C}.Release|Any CPU.ActiveCfg = Release|Any CPU
		{AF7BD068-1FDD-4D68-460C-F737675C124C}.Release|Any CPU.Build.0 = Release|Any CPU
	EndGlobalSection
	GlobalSection(SolutionProperties) = preSolution
		HideSolutionNode = FALSE
	EndGlobalSection
EndGlobal
